
Microsoft Visual Studio Solution File, Format Version 12.00
# Visual Studio Version 17
VisualStudioVersion = 17.5.33424.131
MinimumVisualStudioVersion = 10.0.40219.1
Project("{FAE04EC0-301F-11D3-BF4B-00C04F79EFBC}") = "PrimeiroProjeto", "PrimeiroProjeto\PrimeiroProjeto.csproj", "{AC98EF21-5B12-4DFB-A639-A8E5B9D372CE}"
EndProject
Global
	GlobalSection(SolutionConfigurationPlatforms) = preSolution
		Debug|Any CPU = Debug|Any CPU
		Release|Any CPU = Release|Any CPU
	EndGlobalSection
	GlobalSection(ProjectConfigurationPlatforms) = postSolution
		{AC98EF21-5B12-4DFB-A639-A8E5B9D372CE}.Debug|Any CPU.ActiveCfg = Debug|Any CPU
		{AC98EF21-5B12-4DFB-A639-A8E5B9D372CE}.Debug|Any CPU.Build.0 = Debug|Any CPU
		{AC98EF21-5B12-4DFB-A639-A8E5B9D372CE}.Release|Any CPU.ActiveCfg = Release|Any CPU
		{AC98EF21-5B12-4DFB-A639-A8E5B9D372CE}.Release|Any CPU.Build.0 = Release|Any CPU
	EndGlobalSection
	GlobalSection(SolutionProperties) = preSolution
		HideSolutionNode = FALSE
	EndGlobalSection
	GlobalSection(ExtensibilityGlobals) = postSolution
		SolutionGuid = {E7CBC459-22D2-4617-81FC-41559EF9CF3F}
	EndGlobalSection
EndGlobal
